
Microsoft Visual Studio Solution File, Format Version 12.00
# Visual Studio 15
VisualStudioVersion = 15.0.27130.2024
MinimumVisualStudioVersion = 10.0.40219.1
Project("{FAE04EC0-301F-11D3-BF4B-00C04F79EFBC}") = "Business.DomainClasses", "Business.DomainClasses\Business.DomainClasses.csproj", "{3B2BB58B-9518-4C16-AD20-87147D7B1ED8}"
EndProject
Project("{FAE04EC0-301F-11D3-BF4B-00C04F79EFBC}") = "Console", "Console\Console.csproj", "{EF146DF8-DE01-4DD9-828E-CA7A466B5EDB}"
EndProject
Project("{FAE04EC0-301F-11D3-BF4B-00C04F79EFBC}") = "MVC", "MVC\MVC.csproj", "{DCD811E1-36CD-410B-96D6-A792504C0D6C}"
EndProject
Global
	GlobalSection(SolutionConfigurationPlatforms) = preSolution
		Debug|Any CPU = Debug|Any CPU
		Release|Any CPU = Release|Any CPU
	EndGlobalSection
	GlobalSection(ProjectConfigurationPlatforms) = postSolution
		{3B2BB58B-9518-4C16-AD20-87147D7B1ED8}.Debug|Any CPU.ActiveCfg = Debug|Any CPU
		{3B2BB58B-9518-4C16-AD20-87147D7B1ED8}.Debug|Any CPU.Build.0 = Debug|Any CPU
		{3B2BB58B-9518-4C16-AD20-87147D7B1ED8}.Release|Any CPU.ActiveCfg = Release|Any CPU
		{3B2BB58B-9518-4C16-AD20-87147D7B1ED8}.Release|Any CPU.Build.0 = Release|Any CPU
		{EF146DF8-DE01-4DD9-828E-CA7A466B5EDB}.Debug|Any CPU.ActiveCfg = Debug|Any CPU
		{EF146DF8-DE01-4DD9-828E-CA7A466B5EDB}.Debug|Any CPU.Build.0 = Debug|Any CPU
		{EF146DF8-DE01-4DD9-828E-CA7A466B5EDB}.Release|Any CPU.ActiveCfg = Release|Any CPU
		{EF146DF8-DE01-4DD9-828E-CA7A466B5EDB}.Release|Any CPU.Build.0 = Release|Any CPU
		{DCD811E1-36CD-410B-96D6-A792504C0D6C}.Debug|Any CPU.ActiveCfg = Debug|Any CPU
		{DCD811E1-36CD-410B-96D6-A792504C0D6C}.Debug|Any CPU.Build.0 = Debug|Any CPU
		{DCD811E1-36CD-410B-96D6-A792504C0D6C}.Release|Any CPU.ActiveCfg = Release|Any CPU
		{DCD811E1-36CD-410B-96D6-A792504C0D6C}.Release|Any CPU.Build.0 = Release|Any CPU
	EndGlobalSection
	GlobalSection(SolutionProperties) = preSolution
		HideSolutionNode = FALSE
	EndGlobalSection
	GlobalSection(ExtensibilityGlobals) = postSolution
		SolutionGuid = {84CE4841-EFFE-4FA0-B651-3857A35675BF}
	EndGlobalSection
EndGlobal
